
Microsoft Visual Studio Solution File, Format Version 12.00
# Visual Studio Version 16
VisualStudioVersion = 16.0.28922.388
MinimumVisualStudioVersion = 10.0.40219.1
Project("{FAE04EC0-301F-11D3-BF4B-00C04F79EFBC}") = "SkiaSpike", "SkiaSpike\SkiaSpike.csproj", "{31BF7619-EF16-4070-BC76-5AB5C1F16298}"
EndProject
Global
	GlobalSection(SolutionConfigurationPlatforms) = preSolution
		Debug|Any CPU = Debug|Any CPU
		Release|Any CPU = Release|Any CPU
	EndGlobalSection
	GlobalSection(ProjectConfigurationPlatforms) = postSolution
		{31BF7619-EF16-4070-BC76-5AB5C1F16298}.Debug|Any CPU.ActiveCfg = Debug|Any CPU
		{31BF7619-EF16-4070-BC76-5AB5C1F16298}.Debug|Any CPU.Build.0 = Debug|Any CPU
		{31BF7619-EF16-4070-BC76-5AB5C1F16298}.Release|Any CPU.ActiveCfg = Release|Any CPU
		{31BF7619-EF16-4070-BC76-5AB5C1F16298}.Release|Any CPU.Build.0 = Release|Any CPU
	EndGlobalSection
	GlobalSection(SolutionProperties) = preSolution
		HideSolutionNode = FALSE
	EndGlobalSection
	GlobalSection(ExtensibilityGlobals) = postSolution
		SolutionGuid = {1BAB2534-943A-4BF3-A37D-6D52A80B5574}
	EndGlobalSection
EndGlobal
